// !$*UTF8*$!
{
	archiveVersion = 1;
	classes = {
	};
	objectVersion = 46;
	objects = {

/* Begin PBXBuildFile section */
		36C0A11816B81B49000E84FC /* UIKit.framework in Frameworks */ = {isa = PBXBuildFile; fileRef = 36C0A11716B81B49000E84FC /* UIKit.framework */; };
		36C0A11A16B81B49000E84FC /* Foundation.framework in Frameworks */ = {isa = PBXBuildFile; fileRef = 36C0A11916B81B49000E84FC /* Foundation.framework */; };
		36C0A11C16B81B49000E84FC /* CoreGraphics.framework in Frameworks */ = {isa = PBXBuildFile; fileRef = 36C0A11B16B81B49000E84FC /* CoreGraphics.framework */; };
		36C0A12216B81B49000E84FC /* InfoPlist.strings in Resources */ = {isa = PBXBuildFile; fileRef = 36C0A12016B81B49000E84FC /* InfoPlist.strings */; };
		36C0A12416B81B49000E84FC /* main.m in Sources */ = {isa = PBXBuildFile; fileRef = 36C0A12316B81B49000E84FC /* main.m */; };
		36C0A12816B81B49000E84FC /* AppDelegate.m in Sources */ = {isa = PBXBuildFile; fileRef = 36C0A12716B81B49000E84FC /* AppDelegate.m */; };
		36C0A12B16B81B49000E84FC /* ViewController.m in Sources */ = {isa = PBXBuildFile; fileRef = 36C0A12A16B81B49000E84FC /* ViewController.m */; };
		36C0A13A16B81C1E000E84FC /* Plus1ConversionTracker.m in Sources */ = {isa = PBXBuildFile; fileRef = 36C0A13916B81C1E000E84FC /* Plus1ConversionTracker.m */; };
		E7DCC5CE16FC644F0061BC04 /* NSString+Base64.m in Sources */ = {isa = PBXBuildFile; fileRef = E7DCC5CD16FC644F0061BC04 /* NSString+Base64.m */; };
/* End PBXBuildFile section */

/* Begin PBXFileReference section */
		36C0A11316B81B49000E84FC /* HelloConversion.app */ = {isa = PBXFileReference; explicitFileType = wrapper.application; includeInIndex = 0; path = HelloConversion.app; sourceTree = BUILT_PRODUCTS_DIR; };
		36C0A11716B81B49000E84FC /* UIKit.framework */ = {isa = PBXFileReference; lastKnownFileType = wrapper.framework; name = UIKit.framework; path = System/Library/Frameworks/UIKit.framework; sourceTree = SDKROOT; };
		36C0A11916B81B49000E84FC /* Foundation.framework */ = {isa = PBXFileReference; lastKnownFileType = wrapper.framework; name = Foundation.framework; path = System/Library/Frameworks/Foundation.framework; sourceTree = SDKROOT; };
		36C0A11B16B81B49000E84FC /* CoreGraphics.framework */ = {isa = PBXFileReference; lastKnownFileType = wrapper.framework; name = CoreGraphics.framework; path = System/Library/Frameworks/CoreGraphics.framework; sourceTree = SDKROOT; };
		36C0A11F16B81B49000E84FC /* HelloConversion-Info.plist */ = {isa = PBXFileReference; lastKnownFileType = text.plist.xml; path = "HelloConversion-Info.plist"; sourceTree = "<group>"; };
		36C0A12116B81B49000E84FC /* en */ = {isa = PBXFileReference; lastKnownFileType = text.plist.strings; name = en; path = en.lproj/InfoPlist.strings; sourceTree = "<group>"; };
		36C0A12316B81B49000E84FC /* main.m */ = {isa = PBXFileReference; lastKnownFileType = sourcecode.c.objc; path = main.m; sourceTree = "<group>"; };
		36C0A12516B81B49000E84FC /* HelloConversion-Prefix.pch */ = {isa = PBXFileReference; lastKnownFileType = sourcecode.c.h; path = "HelloConversion-Prefix.pch"; sourceTree = "<group>"; };
		36C0A12616B81B49000E84FC /* AppDelegate.h */ = {isa = PBXFileReference; lastKnownFileType = sourcecode.c.h; path = AppDelegate.h; sourceTree = "<group>"; };
		36C0A12716B81B49000E84FC /* AppDelegate.m */ = {isa = PBXFileReference; lastKnownFileType = sourcecode.c.objc; path = AppDelegate.m; sourceTree = "<group>"; };
		36C0A12916B81B49000E84FC /* ViewController.h */ = {isa = PBXFileReference; lastKnownFileType = sourcecode.c.h; path = ViewController.h; sourceTree = "<group>"; };
		36C0A12A16B81B49000E84FC /* ViewController.m */ = {isa = PBXFileReference; lastKnownFileType = sourcecode.c.objc; path = ViewController.m; sourceTree = "<group>"; };
		36C0A13816B81C1E000E84FC /* Plus1ConversionTracker.h */ = {isa = PBXFileReference; fileEncoding = 4; lastKnownFileType = sourcecode.c.h; path = Plus1ConversionTracker.h; sourceTree = "<group>"; };
		36C0A13916B81C1E000E84FC /* Plus1ConversionTracker.m */ = {isa = PBXFileReference; fileEncoding = 4; lastKnownFileType = sourcecode.c.objc; path = Plus1ConversionTracker.m; sourceTree = "<group>"; };
		E7DCC5CC16FC644F0061BC04 /* NSString+Base64.h */ = {isa = PBXFileReference; fileEncoding = 4; lastKnownFileType = sourcecode.c.h; path = "NSString+Base64.h"; sourceTree = "<group>"; };
		E7DCC5CD16FC644F0061BC04 /* NSString+Base64.m */ = {isa = PBXFileReference; fileEncoding = 4; lastKnownFileType = sourcecode.c.objc; path = "NSString+Base64.m"; sourceTree = "<group>"; };
/* End PBXFileReference section */

/* Begin PBXFrameworksBuildPhase section */
		36C0A11016B81B49000E84FC /* Frameworks */ = {
			isa = PBXFrameworksBuildPhase;
			buildActionMask = 2147483647;
			files = (
				36C0A11816B81B49000E84FC /* UIKit.framework in Frameworks */,
				36C0A11A16B81B49000E84FC /* Foundation.framework in Frameworks */,
				36C0A11C16B81B49000E84FC /* CoreGraphics.framework in Frameworks */,
			);
			runOnlyForDeploymentPostprocessing = 0;
		};
/* End PBXFrameworksBuildPhase section */

/* Begin PBXGroup section */
		36C0A10816B81B49000E84FC = {
			isa = PBXGroup;
			children = (
				36C0A13716B81B69000E84FC /* Conversion SDK */,
				36C0A11D16B81B49000E84FC /* HelloConversion */,
				36C0A11616B81B49000E84FC /* Frameworks */,
				36C0A11416B81B49000E84FC /* Products */,
			);
			sourceTree = "<group>";
		};
		36C0A11416B81B49000E84FC /* Products */ = {
			isa = PBXGroup;
			children = (
				36C0A11316B81B49000E84FC /* HelloConversion.app */,
			);
			name = Products;
			sourceTree = "<group>";
		};
		36C0A11616B81B49000E84FC /* Frameworks */ = {
			isa = PBXGroup;
			children = (
				36C0A11716B81B49000E84FC /* UIKit.framework */,
				36C0A11916B81B49000E84FC /* Foundation.framework */,
				36C0A11B16B81B49000E84FC /* CoreGraphics.framework */,
			);
			name = Frameworks;
			sourceTree = "<group>";
		};
		36C0A11D16B81B49000E84FC /* HelloConversion */ = {
			isa = PBXGroup;
			children = (
				36C0A12616B81B49000E84FC /* AppDelegate.h */,
				36C0A12716B81B49000E84FC /* AppDelegate.m */,
				36C0A12916B81B49000E84FC /* ViewController.h */,
				36C0A12A16B81B49000E84FC /* ViewController.m */,
				36C0A11E16B81B49000E84FC /* Supporting Files */,
			);
			path = HelloConversion;
			sourceTree = "<group>";
		};
		36C0A11E16B81B49000E84FC /* Supporting Files */ = {
			isa = PBXGroup;
			children = (
				36C0A11F16B81B49000E84FC /* HelloConversion-Info.plist */,
				36C0A12016B81B49000E84FC /* InfoPlist.strings */,
				36C0A12316B81B49000E84FC /* main.m */,
				36C0A12516B81B49000E84FC /* HelloConversion-Prefix.pch */,
			);
			name = "Supporting Files";
			sourceTree = "<group>";
		};
		36C0A13716B81B69000E84FC /* Conversion SDK */ = {
			isa = PBXGroup;
			children = (
				36C0A13816B81C1E000E84FC /* Plus1ConversionTracker.h */,
				36C0A13916B81C1E000E84FC /* Plus1ConversionTracker.m */,
				E7DCC5CC16FC644F0061BC04 /* NSString+Base64.h */,
				E7DCC5CD16FC644F0061BC04 /* NSString+Base64.m */,
			);
			name = "Conversion SDK";
			path = ../../sdk;
			sourceTree = "<group>";
		};
/* End PBXGroup section */

/* Begin PBXNativeTarget section */
		36C0A11216B81B49000E84FC /* HelloConversion */ = {
			isa = PBXNativeTarget;
			buildConfigurationList = 36C0A13416B81B49000E84FC /* Build configuration list for PBXNativeTarget "HelloConversion" */;
			buildPhases = (
				36C0A10F16B81B49000E84FC /* Sources */,
				36C0A11016B81B49000E84FC /* Frameworks */,
				36C0A11116B81B49000E84FC /* Resources */,
			);
			buildRules = (
			);
			dependencies = (
			);
			name = HelloConversion;
			productName = HelloConversion;
			productReference = 36C0A11316B81B49000E84FC /* HelloConversion.app */;
			productType = "com.apple.product-type.application";
		};
/* End PBXNativeTarget section */

/* Begin PBXProject section */
		36C0A10A16B81B49000E84FC /* Project object */ = {
			isa = PBXProject;
			attributes = {
				LastUpgradeCheck = 0460;
			};
			buildConfigurationList = 36C0A10D16B81B49000E84FC /* Build configuration list for PBXProject "HelloConversion" */;
			compatibilityVersion = "Xcode 3.2";
			developmentRegion = English;
			hasScannedForEncodings = 0;
			knownRegions = (
				en,
			);
			mainGroup = 36C0A10816B81B49000E84FC;
			productRefGroup = 36C0A11416B81B49000E84FC /* Products */;
			projectDirPath = "";
			projectRoot = "";
			targets = (
				36C0A11216B81B49000E84FC /* HelloConversion */,
			);
		};
/* End PBXProject section */

/* Begin PBXResourcesBuildPhase section */
		36C0A11116B81B49000E84FC /* Resources */ = {
			isa = PBXResourcesBuildPhase;
			buildActionMask = 2147483647;
			files = (
				36C0A12216B81B49000E84FC /* InfoPlist.strings in Resources */,
			);
			runOnlyForDeploymentPostprocessing = 0;
		};
/* End PBXResourcesBuildPhase section */

/* Begin PBXSourcesBuildPhase section */
		36C0A10F16B81B49000E84FC /* Sources */ = {
			isa = PBXSourcesBuildPhase;
			buildActionMask = 2147483647;
			files = (
				36C0A12416B81B49000E84FC /* main.m in Sources */,
				36C0A12816B81B49000E84FC /* AppDelegate.m in Sources */,
				36C0A12B16B81B49000E84FC /* ViewController.m in Sources */,
				36C0A13A16B81C1E000E84FC /* Plus1ConversionTracker.m in Sources */,
				E7DCC5CE16FC644F0061BC04 /* NSString+Base64.m in Sources */,
			);
			runOnlyForDeploymentPostprocessing = 0;
		};
/* End PBXSourcesBuildPhase section */

/* Begin PBXVariantGroup section */
		36C0A12016B81B49000E84FC /* InfoPlist.strings */ = {
			isa = PBXVariantGroup;
			children = (
				36C0A12116B81B49000E84FC /* en */,
			);
			name = InfoPlist.strings;
			sourceTree = "<group>";
		};
/* End PBXVariantGroup section */

/* Begin XCBuildConfiguration section */
		36C0A13216B81B49000E84FC /* Debug */ = {
			isa = XCBuildConfiguration;
			buildSettings = {
				ALWAYS_SEARCH_USER_PATHS = NO;
				ARCHS = "$(ARCHS_STANDARD_32_BIT)";
				CLANG_WARN_CONSTANT_CONVERSION = YES;
				CLANG_WARN_ENUM_CONVERSION = YES;
				CLANG_WARN_INT_CONVERSION = YES;
				CLANG_WARN__DUPLICATE_METHOD_MATCH = YES;
				"CODE_SIGN_IDENTITY[sdk=iphoneos*]" = "iPhone Developer";
				COPY_PHASE_STRIP = NO;
				GCC_C_LANGUAGE_STANDARD = gnu99;
				GCC_DYNAMIC_NO_PIC = NO;
				GCC_OPTIMIZATION_LEVEL = 0;
				GCC_PREPROCESSOR_DEFINITIONS = (
					"DEBUG=1",
					"$(inherited)",
				);
				GCC_SYMBOLS_PRIVATE_EXTERN = NO;
				GCC_VERSION = com.apple.compilers.llvm.clang.1_0;
				GCC_WARN_ABOUT_RETURN_TYPE = YES;
				GCC_WARN_UNINITIALIZED_AUTOS = YES;
				GCC_WARN_UNUSED_VARIABLE = YES;
				IPHONEOS_DEPLOYMENT_TARGET = 5.1;
				SDKROOT = iphoneos;
				TARGETED_DEVICE_FAMILY = "1,2";
			};
			name = Debug;
		};
		36C0A13316B81B49000E84FC /* Release */ = {
			isa = XCBuildConfiguration;
			buildSettings = {
				ALWAYS_SEARCH_USER_PATHS = NO;
				ARCHS = "$(ARCHS_STANDARD_32_BIT)";
				CLANG_WARN_CONSTANT_CONVERSION = YES;
				CLANG_WARN_ENUM_CONVERSION = YES;
				CLANG_WARN_INT_CONVERSION = YES;
				CLANG_WARN__DUPLICATE_METHOD_MATCH = YES;
				"CODE_SIGN_IDENTITY[sdk=iphoneos*]" = "iPhone Developer";
				COPY_PHASE_STRIP = YES;
				GCC_C_LANGUAGE_STANDARD = gnu99;
				GCC_VERSION = com.apple.compilers.llvm.clang.1_0;
				GCC_WARN_ABOUT_RETURN_TYPE = YES;
				GCC_WARN_UNINITIALIZED_AUTOS = YES;
				GCC_WARN_UNUSED_VARIABLE = YES;
				IPHONEOS_DEPLOYMENT_TARGET = 5.1;
				OTHER_CFLAGS = "-DNS_BLOCK_ASSERTIONS=1";
				SDKROOT = iphoneos;
				TARGETED_DEVICE_FAMILY = "1,2";
				VALIDATE_PRODUCT = YES;
			};
			name = Release;
		};
		36C0A13516B81B49000E84FC /* Debug */ = {
			isa = XCBuildConfiguration;
			buildSettings = {
				GCC_PRECOMPILE_PREFIX_HEADER = YES;
				GCC_PREFIX_HEADER = "HelloConversion/HelloConversion-Prefix.pch";
				INFOPLIST_FILE = "HelloConversion/HelloConversion-Info.plist";
				PRODUCT_NAME = "$(TARGET_NAME)";
				WRAPPER_EXTENSION = app;
			};
			name = Debug;
		};
		36C0A13616B81B49000E84FC /* Release */ = {
			isa = XCBuildConfiguration;
			buildSettings = {
				GCC_PRECOMPILE_PREFIX_HEADER = YES;
				GCC_PREFIX_HEADER = "HelloConversion/HelloConversion-Prefix.pch";
				INFOPLIST_FILE = "HelloConversion/HelloConversion-Info.plist";
				PRODUCT_NAME = "$(TARGET_NAME)";
				WRAPPER_EXTENSION = app;
			};
			name = Release;
		};
/* End XCBuildConfiguration section */

/* Begin XCConfigurationList section */
		36C0A10D16B81B49000E84FC /* Build configuration list for PBXProject "HelloConversion" */ = {
			isa = XCConfigurationList;
			buildConfigurations = (
				36C0A13216B81B49000E84FC /* Debug */,
				36C0A13316B81B49000E84FC /* Release */,
			);
			defaultConfigurationIsVisible = 0;
			defaultConfigurationName = Release;
		};
		36C0A13416B81B49000E84FC /* Build configuration list for PBXNativeTarget "HelloConversion" */ = {
			isa = XCConfigurationList;
			buildConfigurations = (
				36C0A13516B81B49000E84FC /* Debug */,
				36C0A13616B81B49000E84FC /* Release */,
			);
			defaultConfigurationIsVisible = 0;
			defaultConfigurationName = Release;
		};
/* End XCConfigurationList section */
	};
	rootObject = 36C0A10A16B81B49000E84FC /* Project object */;
}
